
Microsoft Visual Studio Solution File, Format Version 12.00
Project("{FAE04EC0-301F-11D3-BF4B-00C04F79EFBC}") = "DirectoryService.Core", "DirectoryService.Core\DirectoryService.Core.csproj", "{E5B41CBF-6163-49AC-9E35-815C98327E22}"
EndProject
Project("{2150E333-8FDC-42A3-9474-1A3956D46DE8}") = "Solution Items", "Solution Items", "{D05BC51B-390C-4130-96ED-2F6C679ECE59}"
	ProjectSection(SolutionItems) = preProject
		compose.yaml = compose.yaml
	EndProjectSection
EndProject
Global
	GlobalSection(SolutionConfigurationPlatforms) = preSolution
		Debug|Any CPU = Debug|Any CPU
		Release|Any CPU = Release|Any CPU
	EndGlobalSection
	GlobalSection(ProjectConfigurationPlatforms) = postSolution
		{E5B41CBF-6163-49AC-9E35-815C98327E22}.Debug|Any CPU.ActiveCfg = Debug|Any CPU
		{E5B41CBF-6163-49AC-9E35-815C98327E22}.Debug|Any CPU.Build.0 = Debug|Any CPU
		{E5B41CBF-6163-49AC-9E35-815C98327E22}.Release|Any CPU.ActiveCfg = Release|Any CPU
		{E5B41CBF-6163-49AC-9E35-815C98327E22}.Release|Any CPU.Build.0 = Release|Any CPU
	EndGlobalSection
EndGlobal
